<?xml version="1.0" encoding="utf-8"?>
<Project ToolsVersion="4.0" xmlns="http://schemas.microsoft.com/developer/msbuild/2003">
  <ItemGroup>
    <ClCompile Include="pch.cpp" />
    <ClCompile Include="uva_00272_tex_quotes_test.cpp">
      <Filter>Tests</Filter>
    </ClCompile>
    <ClCompile Include="uva_01124_celebrity_jeopardy_test.cpp">
      <Filter>Tests</Filter>
    </ClCompile>
    <ClCompile Include="uva_10550_combination_lock_test.cpp">
      <Filter>Tests</Filter>
    </ClCompile>
    <ClCompile Include="uva_11044 _searching_for_nessy_test.cpp">
      <Filter>Tests</Filter>
    </ClCompile>
    <ClCompile Include="uva_11172_relational_operator_test.cpp">
      <Filter>Tests</Filter>
    </ClCompile>
    <ClCompile Include="uva_11364_parking_test.cpp">
      <Filter>Tests</Filter>
    </ClCompile>
    <ClCompile Include="uva_11498_division_of_nlogonia_test.cpp">
      <Filter>Tests</Filter>
    </ClCompile>
    <ClCompile Include="uva_11547_automatic_answer_test.cpp">
      <Filter>Tests</Filter>
    </ClCompile>
    <ClCompile Include="uva_11727_cost_cutting_test.cpp">
      <Filter>Tests</Filter>
    </ClCompile>
    <ClCompile Include="uva_12250_language_detection_test.cpp">
      <Filter>Tests</Filter>
    </ClCompile>
    <ClCompile Include="uva_12279_emoogle_balance_test.cpp">
      <Filter>Tests</Filter>
    </ClCompile>
    <ClCompile Include="uva_11289_one_two_three_test.cpp" />
    <ClCompile Include="uva_12372_packing_for_holiday_test.cpp">
      <Filter>Tests</Filter>
    </ClCompile>
    <ClCompile Include="uva_12403_save_setu_test.cpp">
      <Filter>Tests</Filter>
    </ClCompile>
    <ClCompile Include="uva_12577_hajj_e_akbar_test.cpp">
      <Filter>Tests</Filter>
    </ClCompile>
    <ClCompile Include="uva_00621_secret_research_test.cpp">
      <Filter>Tests</Filter>
    </ClCompile>
  </ItemGroup>
  <ItemGroup>
    <ClInclude Include="pch.h" />
    <ClInclude Include="Solutions\uva_00272_tex_quotes.h">
      <Filter>Solutions</Filter>
    </ClInclude>
    <ClInclude Include="Solutions\common.h" />
    <ClInclude Include="Solutions\uva_01124_celebrity_jeopardy.h">
      <Filter>Solutions</Filter>
    </ClInclude>
    <ClInclude Include="Solutions\uva_10550_combination_lock.h">
      <Filter>Solutions</Filter>
    </ClInclude>
    <ClInclude Include="Solutions\uva_11044_searching_for_nessy.h">
      <Filter>Solutions</Filter>
    </ClInclude>
    <ClInclude Include="Solutions\uva_11172_relational_operator.h">
      <Filter>Solutions</Filter>
    </ClInclude>
    <ClInclude Include="Solutions\uva_11364_parking.h">
      <Filter>Solutions</Filter>
    </ClInclude>
    <ClInclude Include="Solutions\uva_11498_division_of_nlogonia.h">
      <Filter>Solutions</Filter>
    </ClInclude>
    <ClInclude Include="Solutions\uva_11547_automatic_answer.h">
      <Filter>Solutions</Filter>
    </ClInclude>
    <ClInclude Include="Solutions\uva_11727_cost_cutting.h">
      <Filter>Solutions</Filter>
    </ClInclude>
    <ClInclude Include="Solutions\uva_12250_language_detection.h">
      <Filter>Solutions</Filter>
    </ClInclude>
    <ClInclude Include="Solutions\uva_12279_emoogle_balance.h">
      <Filter>Solutions</Filter>
    </ClInclude>
    <ClInclude Include="Solutions\uva_12289_one_two_three.h">
      <Filter>Solutions</Filter>
    </ClInclude>
    <ClInclude Include="Solutions\uva_12372_packing_for_holiday.h">
      <Filter>Solutions</Filter>
    </ClInclude>
    <ClInclude Include="Solutions\uva_12403_save_setu.h">
      <Filter>Solutions</Filter>
    </ClInclude>
    <ClInclude Include="Solutions\uva_12577_hajj_e_akbar.h">
      <Filter>Solutions</Filter>
    </ClInclude>
    <ClInclude Include="Solutions\uva_00621_secret_research.h">
      <Filter>Solutions</Filter>
    </ClInclude>
  </ItemGroup>
  <ItemGroup>
    <Filter Include="Solutions">
      <UniqueIdentifier>{5e0b5c27-c7dc-4953-96d7-0593847bb920}</UniqueIdentifier>
    </Filter>
    <Filter Include="Tests">
      <UniqueIdentifier>{6b3a104e-6c9e-4a62-aba8-5542abcf5b75}</UniqueIdentifier>
    </Filter>
  </ItemGroup>
</Project>